{
  "object": {
    "pins": [
      {
        "package": "SwiftyBeaver",
        "repositoryURL": "https://github.com/SwiftyBeaver/SwiftyBeaver.git",
        "state": {
          "branch": null,
          "revision": "562a81878674cc8bd74efab274776c35d2519d04",
          "version": "1.6.1"
        }
      }
    ]
  },
  "version": 1
}
